
Microsoft Visual Studio Solution File, Format Version 12.00
# Visual Studio Version 16
VisualStudioVersion = 16.0.30717.126
MinimumVisualStudioVersion = 10.0.40219.1
Project("{9A19103F-16F7-4668-BE54-9A1E7A4F7556}") = "Shopping.Client", "Shopping.Client\Shopping.Client.csproj", "{64532A81-FD82-4606-85E6-71C41698C26E}"
EndProject
Project("{FAE04EC0-301F-11D3-BF4B-00C04F79EFBC}") = "Shopping.Data", "Shopping.Data\Shopping.Data.csproj", "{6F1B8AD4-D02D-47FF-873A-440A2D33758F}"
EndProject
Global
	GlobalSection(SolutionConfigurationPlatforms) = preSolution
		Debug|Any CPU = Debug|Any CPU
		Release|Any CPU = Release|Any CPU
	EndGlobalSection
	GlobalSection(ProjectConfigurationPlatforms) = postSolution
		{64532A81-FD82-4606-85E6-71C41698C26E}.Debug|Any CPU.ActiveCfg = Debug|Any CPU
		{64532A81-FD82-4606-85E6-71C41698C26E}.Debug|Any CPU.Build.0 = Debug|Any CPU
		{64532A81-FD82-4606-85E6-71C41698C26E}.Release|Any CPU.ActiveCfg = Release|Any CPU
		{64532A81-FD82-4606-85E6-71C41698C26E}.Release|Any CPU.Build.0 = Release|Any CPU
		{6F1B8AD4-D02D-47FF-873A-440A2D33758F}.Debug|Any CPU.ActiveCfg = Debug|Any CPU
		{6F1B8AD4-D02D-47FF-873A-440A2D33758F}.Debug|Any CPU.Build.0 = Debug|Any CPU
		{6F1B8AD4-D02D-47FF-873A-440A2D33758F}.Release|Any CPU.ActiveCfg = Release|Any CPU
		{6F1B8AD4-D02D-47FF-873A-440A2D33758F}.Release|Any CPU.Build.0 = Release|Any CPU
	EndGlobalSection
	GlobalSection(SolutionProperties) = preSolution
		HideSolutionNode = FALSE
	EndGlobalSection
	GlobalSection(ExtensibilityGlobals) = postSolution
		SolutionGuid = {A0B7D09E-0754-48AE-BA3D-811E0FAA5A03}
	EndGlobalSection
EndGlobal
